// !$*UTF8*$!
{
	archiveVersion = 1;
	classes = {
	};
	objectVersion = 56;
	objects = {

/* Begin PBXBuildFile section */
		34FCBF2F295708B4001915A7 /* AppDelegate.swift in Sources */ = {isa = PBXBuildFile; fileRef = 34FCBF2E295708B4001915A7 /* AppDelegate.swift */; };
		34FCBF31295708B4001915A7 /* SceneDelegate.swift in Sources */ = {isa = PBXBuildFile; fileRef = 34FCBF30295708B4001915A7 /* SceneDelegate.swift */; };
		34FCBF33295708B4001915A7 /* ViewController.swift in Sources */ = {isa = PBXBuildFile; fileRef = 34FCBF32295708B4001915A7 /* ViewController.swift */; };
		34FCBF38295708B6001915A7 /* Assets.xcassets in Resources */ = {isa = PBXBuildFile; fileRef = 34FCBF37295708B6001915A7 /* Assets.xcassets */; };
		34FCBF3B295708B6001915A7 /* LaunchScreen.storyboard in Resources */ = {isa = PBXBuildFile; fileRef = 34FCBF39295708B6001915A7 /* LaunchScreen.storyboard */; };
		34FCBF5829570A1A001915A7 /* HomePresenter.swift in Sources */ = {isa = PBXBuildFile; fileRef = 34FCBF5129570A1A001915A7 /* HomePresenter.swift */; };
		34FCBF5A29570A1A001915A7 /* HomeProtocols.swift in Sources */ = {isa = PBXBuildFile; fileRef = 34FCBF5329570A1A001915A7 /* HomeProtocols.swift */; };
		34FCBF5B29570A1A001915A7 /* HomeInteractor.swift in Sources */ = {isa = PBXBuildFile; fileRef = 34FCBF5429570A1A001915A7 /* HomeInteractor.swift */; };
		34FCBF5C29570A1A001915A7 /* HomeView.swift in Sources */ = {isa = PBXBuildFile; fileRef = 34FCBF5529570A1A001915A7 /* HomeView.swift */; };
		34FCBF5E29570A1A001915A7 /* HomeWireFrame.swift in Sources */ = {isa = PBXBuildFile; fileRef = 34FCBF5729570A1A001915A7 /* HomeWireFrame.swift */; };
		34FCBF6729571351001915A7 /* DetailPresenter.swift in Sources */ = {isa = PBXBuildFile; fileRef = 34FCBF6029571351001915A7 /* DetailPresenter.swift */; };
		34FCBF6929571351001915A7 /* DetailProtocols.swift in Sources */ = {isa = PBXBuildFile; fileRef = 34FCBF6229571351001915A7 /* DetailProtocols.swift */; };
		34FCBF6A29571351001915A7 /* DetailInteractor.swift in Sources */ = {isa = PBXBuildFile; fileRef = 34FCBF6329571351001915A7 /* DetailInteractor.swift */; };
		34FCBF6B29571351001915A7 /* DetailView.swift in Sources */ = {isa = PBXBuildFile; fileRef = 34FCBF6429571351001915A7 /* DetailView.swift */; };
		34FCBF6D29571351001915A7 /* DetailWireFrame.swift in Sources */ = {isa = PBXBuildFile; fileRef = 34FCBF6629571351001915A7 /* DetailWireFrame.swift */; };
/* End PBXBuildFile section */

/* Begin PBXFileReference section */
		34FCBF2B295708B4001915A7 /* Protocols_and_Delegates.app */ = {isa = PBXFileReference; explicitFileType = wrapper.application; includeInIndex = 0; path = Protocols_and_Delegates.app; sourceTree = BUILT_PRODUCTS_DIR; };
		34FCBF2E295708B4001915A7 /* AppDelegate.swift */ = {isa = PBXFileReference; lastKnownFileType = sourcecode.swift; path = AppDelegate.swift; sourceTree = "<group>"; };
		34FCBF30295708B4001915A7 /* SceneDelegate.swift */ = {isa = PBXFileReference; lastKnownFileType = sourcecode.swift; path = SceneDelegate.swift; sourceTree = "<group>"; };
		34FCBF32295708B4001915A7 /* ViewController.swift */ = {isa = PBXFileReference; lastKnownFileType = sourcecode.swift; path = ViewController.swift; sourceTree = "<group>"; };
		34FCBF37295708B6001915A7 /* Assets.xcassets */ = {isa = PBXFileReference; lastKnownFileType = folder.assetcatalog; path = Assets.xcassets; sourceTree = "<group>"; };
		34FCBF3A295708B6001915A7 /* Base */ = {isa = PBXFileReference; lastKnownFileType = file.storyboard; name = Base; path = Base.lproj/LaunchScreen.storyboard; sourceTree = "<group>"; };
		34FCBF3C295708B6001915A7 /* Info.plist */ = {isa = PBXFileReference; lastKnownFileType = text.plist.xml; path = Info.plist; sourceTree = "<group>"; };
		34FCBF5129570A1A001915A7 /* HomePresenter.swift */ = {isa = PBXFileReference; lastKnownFileType = sourcecode.swift; path = HomePresenter.swift; sourceTree = "<group>"; };
		34FCBF5329570A1A001915A7 /* HomeProtocols.swift */ = {isa = PBXFileReference; lastKnownFileType = sourcecode.swift; path = HomeProtocols.swift; sourceTree = "<group>"; };
		34FCBF5429570A1A001915A7 /* HomeInteractor.swift */ = {isa = PBXFileReference; lastKnownFileType = sourcecode.swift; path = HomeInteractor.swift; sourceTree = "<group>"; };
		34FCBF5529570A1A001915A7 /* HomeView.swift */ = {isa = PBXFileReference; lastKnownFileType = sourcecode.swift; path = HomeView.swift; sourceTree = "<group>"; };
		34FCBF5729570A1A001915A7 /* HomeWireFrame.swift */ = {isa = PBXFileReference; lastKnownFileType = sourcecode.swift; path = HomeWireFrame.swift; sourceTree = "<group>"; };
		34FCBF6029571351001915A7 /* DetailPresenter.swift */ = {isa = PBXFileReference; lastKnownFileType = sourcecode.swift; path = DetailPresenter.swift; sourceTree = "<group>"; };
		34FCBF6229571351001915A7 /* DetailProtocols.swift */ = {isa = PBXFileReference; lastKnownFileType = sourcecode.swift; path = DetailProtocols.swift; sourceTree = "<group>"; };
		34FCBF6329571351001915A7 /* DetailInteractor.swift */ = {isa = PBXFileReference; lastKnownFileType = sourcecode.swift; path = DetailInteractor.swift; sourceTree = "<group>"; };
		34FCBF6429571351001915A7 /* DetailView.swift */ = {isa = PBXFileReference; lastKnownFileType = sourcecode.swift; path = DetailView.swift; sourceTree = "<group>"; };
		34FCBF6629571351001915A7 /* DetailWireFrame.swift */ = {isa = PBXFileReference; lastKnownFileType = sourcecode.swift; path = DetailWireFrame.swift; sourceTree = "<group>"; };
/* End PBXFileReference section */

/* Begin PBXFrameworksBuildPhase section */
		34FCBF28295708B4001915A7 /* Frameworks */ = {
			isa = PBXFrameworksBuildPhase;
			buildActionMask = 2147483647;
			files = (
			);
			runOnlyForDeploymentPostprocessing = 0;
		};
/* End PBXFrameworksBuildPhase section */

/* Begin PBXGroup section */
		34FCBF22295708B4001915A7 = {
			isa = PBXGroup;
			children = (
				34FCBF2D295708B4001915A7 /* Protocols_and_Delegates */,
				34FCBF2C295708B4001915A7 /* Products */,
			);
			sourceTree = "<group>";
		};
		34FCBF2C295708B4001915A7 /* Products */ = {
			isa = PBXGroup;
			children = (
				34FCBF2B295708B4001915A7 /* Protocols_and_Delegates.app */,
			);
			name = Products;
			sourceTree = "<group>";
		};
		34FCBF2D295708B4001915A7 /* Protocols_and_Delegates */ = {
			isa = PBXGroup;
			children = (
				34FCBF2E295708B4001915A7 /* AppDelegate.swift */,
				34FCBF30295708B4001915A7 /* SceneDelegate.swift */,
				34FCBF32295708B4001915A7 /* ViewController.swift */,
				34FCBF5F29570A26001915A7 /* HomeView */,
				34FCBF6E2957135A001915A7 /* DetailView */,
				34FCBF37295708B6001915A7 /* Assets.xcassets */,
				34FCBF39295708B6001915A7 /* LaunchScreen.storyboard */,
				34FCBF3C295708B6001915A7 /* Info.plist */,
			);
			path = Protocols_and_Delegates;
			sourceTree = "<group>";
		};
		34FCBF5F29570A26001915A7 /* HomeView */ = {
			isa = PBXGroup;
			children = (
				34FCBF5529570A1A001915A7 /* HomeView.swift */,
				34FCBF5429570A1A001915A7 /* HomeInteractor.swift */,
				34FCBF5129570A1A001915A7 /* HomePresenter.swift */,
				34FCBF5329570A1A001915A7 /* HomeProtocols.swift */,
				34FCBF5729570A1A001915A7 /* HomeWireFrame.swift */,
			);
			path = HomeView;
			sourceTree = "<group>";
		};
		34FCBF6E2957135A001915A7 /* DetailView */ = {
			isa = PBXGroup;
			children = (
				34FCBF6429571351001915A7 /* DetailView.swift */,
				34FCBF6329571351001915A7 /* DetailInteractor.swift */,
				34FCBF6029571351001915A7 /* DetailPresenter.swift */,
				34FCBF6229571351001915A7 /* DetailProtocols.swift */,
				34FCBF6629571351001915A7 /* DetailWireFrame.swift */,
			);
			path = DetailView;
			sourceTree = "<group>";
		};
/* End PBXGroup section */

/* Begin PBXNativeTarget section */
		34FCBF2A295708B4001915A7 /* Protocols_and_Delegates */ = {
			isa = PBXNativeTarget;
			buildConfigurationList = 34FCBF3F295708B6001915A7 /* Build configuration list for PBXNativeTarget "Protocols_and_Delegates" */;
			buildPhases = (
				34FCBF27295708B4001915A7 /* Sources */,
				34FCBF28295708B4001915A7 /* Frameworks */,
				34FCBF29295708B4001915A7 /* Resources */,
			);
			buildRules = (
			);
			dependencies = (
			);
			name = Protocols_and_Delegates;
			productName = Protocols_and_Delegates;
			productReference = 34FCBF2B295708B4001915A7 /* Protocols_and_Delegates.app */;
			productType = "com.apple.product-type.application";
		};
/* End PBXNativeTarget section */

/* Begin PBXProject section */
		34FCBF23295708B4001915A7 /* Project object */ = {
			isa = PBXProject;
			attributes = {
				BuildIndependentTargetsInParallel = 1;
				LastSwiftUpdateCheck = 1410;
				LastUpgradeCheck = 1410;
				TargetAttributes = {
					34FCBF2A295708B4001915A7 = {
						CreatedOnToolsVersion = 14.1;
					};
				};
			};
			buildConfigurationList = 34FCBF26295708B4001915A7 /* Build configuration list for PBXProject "Protocols_and_Delegates" */;
			compatibilityVersion = "Xcode 14.0";
			developmentRegion = en;
			hasScannedForEncodings = 0;
			knownRegions = (
				en,
				Base,
			);
			mainGroup = 34FCBF22295708B4001915A7;
			productRefGroup = 34FCBF2C295708B4001915A7 /* Products */;
			projectDirPath = "";
			projectRoot = "";
			targets = (
				34FCBF2A295708B4001915A7 /* Protocols_and_Delegates */,
			);
		};
/* End PBXProject section */

/* Begin PBXResourcesBuildPhase section */
		34FCBF29295708B4001915A7 /* Resources */ = {
			isa = PBXResourcesBuildPhase;
			buildActionMask = 2147483647;
			files = (
				34FCBF3B295708B6001915A7 /* LaunchScreen.storyboard in Resources */,
				34FCBF38295708B6001915A7 /* Assets.xcassets in Resources */,
			);
			runOnlyForDeploymentPostprocessing = 0;
		};
/* End PBXResourcesBuildPhase section */

/* Begin PBXSourcesBuildPhase section */
		34FCBF27295708B4001915A7 /* Sources */ = {
			isa = PBXSourcesBuildPhase;
			buildActionMask = 2147483647;
			files = (
				34FCBF33295708B4001915A7 /* ViewController.swift in Sources */,
				34FCBF2F295708B4001915A7 /* AppDelegate.swift in Sources */,
				34FCBF6B29571351001915A7 /* DetailView.swift in Sources */,
				34FCBF6D29571351001915A7 /* DetailWireFrame.swift in Sources */,
				34FCBF31295708B4001915A7 /* SceneDelegate.swift in Sources */,
				34FCBF6929571351001915A7 /* DetailProtocols.swift in Sources */,
				34FCBF6729571351001915A7 /* DetailPresenter.swift in Sources */,
				34FCBF5A29570A1A001915A7 /* HomeProtocols.swift in Sources */,
				34FCBF5C29570A1A001915A7 /* HomeView.swift in Sources */,
				34FCBF6A29571351001915A7 /* DetailInteractor.swift in Sources */,
				34FCBF5829570A1A001915A7 /* HomePresenter.swift in Sources */,
				34FCBF5B29570A1A001915A7 /* HomeInteractor.swift in Sources */,
				34FCBF5E29570A1A001915A7 /* HomeWireFrame.swift in Sources */,
			);
			runOnlyForDeploymentPostprocessing = 0;
		};
/* End PBXSourcesBuildPhase section */

/* Begin PBXVariantGroup section */
		34FCBF39295708B6001915A7 /* LaunchScreen.storyboard */ = {
			isa = PBXVariantGroup;
			children = (
				34FCBF3A295708B6001915A7 /* Base */,
			);
			name = LaunchScreen.storyboard;
			sourceTree = "<group>";
		};
/* End PBXVariantGroup section */

/* Begin XCBuildConfiguration section */
		34FCBF3D295708B6001915A7 /* Debug */ = {
			isa = XCBuildConfiguration;
			buildSettings = {
				ALWAYS_SEARCH_USER_PATHS = NO;
				CLANG_ANALYZER_NONNULL = YES;
				CLANG_ANALYZER_NUMBER_OBJECT_CONVERSION = YES_AGGRESSIVE;
				CLANG_CXX_LANGUAGE_STANDARD = "gnu++20";
				CLANG_ENABLE_MODULES = YES;
				CLANG_ENABLE_OBJC_ARC = YES;
				CLANG_ENABLE_OBJC_WEAK = YES;
				CLANG_WARN_BLOCK_CAPTURE_AUTORELEASING = YES;
				CLANG_WARN_BOOL_CONVERSION = YES;
				CLANG_WARN_COMMA = YES;
				CLANG_WARN_CONSTANT_CONVERSION = YES;
				CLANG_WARN_DEPRECATED_OBJC_IMPLEMENTATIONS = YES;
				CLANG_WARN_DIRECT_OBJC_ISA_USAGE = YES_ERROR;
				CLANG_WARN_DOCUMENTATION_COMMENTS = YES;
				CLANG_WARN_EMPTY_BODY = YES;
				CLANG_WARN_ENUM_CONVERSION = YES;
				CLANG_WARN_INFINITE_RECURSION = YES;
				CLANG_WARN_INT_CONVERSION = YES;
				CLANG_WARN_NON_LITERAL_NULL_CONVERSION = YES;
				CLANG_WARN_OBJC_IMPLICIT_RETAIN_SELF = YES;
				CLANG_WARN_OBJC_LITERAL_CONVERSION = YES;
				CLANG_WARN_OBJC_ROOT_CLASS = YES_ERROR;
				CLANG_WARN_QUOTED_INCLUDE_IN_FRAMEWORK_HEADER = YES;
				CLANG_WARN_RANGE_LOOP_ANALYSIS = YES;
				CLANG_WARN_STRICT_PROTOTYPES = YES;
				CLANG_WARN_SUSPICIOUS_MOVE = YES;
				CLANG_WARN_UNGUARDED_AVAILABILITY = YES_AGGRESSIVE;
				CLANG_WARN_UNREACHABLE_CODE = YES;
				CLANG_WARN__DUPLICATE_METHOD_MATCH = YES;
				COPY_PHASE_STRIP = NO;
				DEBUG_INFORMATION_FORMAT = dwarf;
				ENABLE_STRICT_OBJC_MSGSEND = YES;
				ENABLE_TESTABILITY = YES;
				GCC_C_LANGUAGE_STANDARD = gnu11;
				GCC_DYNAMIC_NO_PIC = NO;
				GCC_NO_COMMON_BLOCKS = YES;
				GCC_OPTIMIZATION_LEVEL = 0;
				GCC_PREPROCESSOR_DEFINITIONS = (
					"DEBUG=1",
					"$(inherited)",
				);
				GCC_WARN_64_TO_32_BIT_CONVERSION = YES;
				GCC_WARN_ABOUT_RETURN_TYPE = YES_ERROR;
				GCC_WARN_UNDECLARED_SELECTOR = YES;
				GCC_WARN_UNINITIALIZED_AUTOS = YES_AGGRESSIVE;
				GCC_WARN_UNUSED_FUNCTION = YES;
				GCC_WARN_UNUSED_VARIABLE = YES;
				IPHONEOS_DEPLOYMENT_TARGET = 16.1;
				MTL_ENABLE_DEBUG_INFO = INCLUDE_SOURCE;
				MTL_FAST_MATH = YES;
				ONLY_ACTIVE_ARCH = YES;
				SDKROOT = iphoneos;
				SWIFT_ACTIVE_COMPILATION_CONDITIONS = DEBUG;
				SWIFT_OPTIMIZATION_LEVEL = "-Onone";
			};
			name = Debug;
		};
		34FCBF3E295708B6001915A7 /* Release */ = {
			isa = XCBuildConfiguration;
			buildSettings = {
				ALWAYS_SEARCH_USER_PATHS = NO;
				CLANG_ANALYZER_NONNULL = YES;
				CLANG_ANALYZER_NUMBER_OBJECT_CONVERSION = YES_AGGRESSIVE;
				CLANG_CXX_LANGUAGE_STANDARD = "gnu++20";
				CLANG_ENABLE_MODULES = YES;
				CLANG_ENABLE_OBJC_ARC = YES;
				CLANG_ENABLE_OBJC_WEAK = YES;
				CLANG_WARN_BLOCK_CAPTURE_AUTORELEASING = YES;
				CLANG_WARN_BOOL_CONVERSION = YES;
				CLANG_WARN_COMMA = YES;
				CLANG_WARN_CONSTANT_CONVERSION = YES;
				CLANG_WARN_DEPRECATED_OBJC_IMPLEMENTATIONS = YES;
				CLANG_WARN_DIRECT_OBJC_ISA_USAGE = YES_ERROR;
				CLANG_WARN_DOCUMENTATION_COMMENTS = YES;
				CLANG_WARN_EMPTY_BODY = YES;
				CLANG_WARN_ENUM_CONVERSION = YES;
				CLANG_WARN_INFINITE_RECURSION = YES;
				CLANG_WARN_INT_CONVERSION = YES;
				CLANG_WARN_NON_LITERAL_NULL_CONVERSION = YES;
				CLANG_WARN_OBJC_IMPLICIT_RETAIN_SELF = YES;
				CLANG_WARN_OBJC_LITERAL_CONVERSION = YES;
				CLANG_WARN_OBJC_ROOT_CLASS = YES_ERROR;
				CLANG_WARN_QUOTED_INCLUDE_IN_FRAMEWORK_HEADER = YES;
				CLANG_WARN_RANGE_LOOP_ANALYSIS = YES;
				CLANG_WARN_STRICT_PROTOTYPES = YES;
				CLANG_WARN_SUSPICIOUS_MOVE = YES;
				CLANG_WARN_UNGUARDED_AVAILABILITY = YES_AGGRESSIVE;
				CLANG_WARN_UNREACHABLE_CODE = YES;
				CLANG_WARN__DUPLICATE_METHOD_MATCH = YES;
				COPY_PHASE_STRIP = NO;
				DEBUG_INFORMATION_FORMAT = "dwarf-with-dsym";
				ENABLE_NS_ASSERTIONS = NO;
				ENABLE_STRICT_OBJC_MSGSEND = YES;
				GCC_C_LANGUAGE_STANDARD = gnu11;
				GCC_NO_COMMON_BLOCKS = YES;
				GCC_WARN_64_TO_32_BIT_CONVERSION = YES;
				GCC_WARN_ABOUT_RETURN_TYPE = YES_ERROR;
				GCC_WARN_UNDECLARED_SELECTOR = YES;
				GCC_WARN_UNINITIALIZED_AUTOS = YES_AGGRESSIVE;
				GCC_WARN_UNUSED_FUNCTION = YES;
				GCC_WARN_UNUSED_VARIABLE = YES;
				IPHONEOS_DEPLOYMENT_TARGET = 16.1;
				MTL_ENABLE_DEBUG_INFO = NO;
				MTL_FAST_MATH = YES;
				SDKROOT = iphoneos;
				SWIFT_COMPILATION_MODE = wholemodule;
				SWIFT_OPTIMIZATION_LEVEL = "-O";
				VALIDATE_PRODUCT = YES;
			};
			name = Release;
		};
		34FCBF40295708B6001915A7 /* Debug */ = {
			isa = XCBuildConfiguration;
			buildSettings = {
				ASSETCATALOG_COMPILER_APPICON_NAME = AppIcon;
				ASSETCATALOG_COMPILER_GLOBAL_ACCENT_COLOR_NAME = AccentColor;
				CODE_SIGN_STYLE = Automatic;
				CURRENT_PROJECT_VERSION = 1;
				GENERATE_INFOPLIST_FILE = YES;
				INFOPLIST_FILE = Protocols_and_Delegates/Info.plist;
				INFOPLIST_KEY_UIApplicationSupportsIndirectInputEvents = YES;
				INFOPLIST_KEY_UILaunchStoryboardName = LaunchScreen;
				INFOPLIST_KEY_UISupportedInterfaceOrientations_iPad = "UIInterfaceOrientationPortrait UIInterfaceOrientationPortraitUpsideDown UIInterfaceOrientationLandscapeLeft UIInterfaceOrientationLandscapeRight";
				INFOPLIST_KEY_UISupportedInterfaceOrientations_iPhone = "UIInterfaceOrientationPortrait UIInterfaceOrientationLandscapeLeft UIInterfaceOrientationLandscapeRight";
				IPHONEOS_DEPLOYMENT_TARGET = 15.0;
				LD_RUNPATH_SEARCH_PATHS = (
					"$(inherited)",
					"@executable_path/Frameworks",
				);
				MARKETING_VERSION = 1.0;
				PRODUCT_BUNDLE_IDENTIFIER = "com.quarantasis.Protocols-and-Delegates";
				PRODUCT_NAME = "$(TARGET_NAME)";
				SWIFT_EMIT_LOC_STRINGS = YES;
				SWIFT_VERSION = 5.0;
				TARGETED_DEVICE_FAMILY = "1,2";
			};
			name = Debug;
		};
		34FCBF41295708B6001915A7 /* Release */ = {
			isa = XCBuildConfiguration;
			buildSettings = {
				ASSETCATALOG_COMPILER_APPICON_NAME = AppIcon;
				ASSETCATALOG_COMPILER_GLOBAL_ACCENT_COLOR_NAME = AccentColor;
				CODE_SIGN_STYLE = Automatic;
				CURRENT_PROJECT_VERSION = 1;
				GENERATE_INFOPLIST_FILE = YES;
				INFOPLIST_FILE = Protocols_and_Delegates/Info.plist;
				INFOPLIST_KEY_UIApplicationSupportsIndirectInputEvents = YES;
				INFOPLIST_KEY_UILaunchStoryboardName = LaunchScreen;
				INFOPLIST_KEY_UISupportedInterfaceOrientations_iPad = "UIInterfaceOrientationPortrait UIInterfaceOrientationPortraitUpsideDown UIInterfaceOrientationLandscapeLeft UIInterfaceOrientationLandscapeRight";
				INFOPLIST_KEY_UISupportedInterfaceOrientations_iPhone = "UIInterfaceOrientationPortrait UIInterfaceOrientationLandscapeLeft UIInterfaceOrientationLandscapeRight";
				IPHONEOS_DEPLOYMENT_TARGET = 15.0;
				LD_RUNPATH_SEARCH_PATHS = (
					"$(inherited)",
					"@executable_path/Frameworks",
				);
				MARKETING_VERSION = 1.0;
				PRODUCT_BUNDLE_IDENTIFIER = "com.quarantasis.Protocols-and-Delegates";
				PRODUCT_NAME = "$(TARGET_NAME)";
				SWIFT_EMIT_LOC_STRINGS = YES;
				SWIFT_VERSION = 5.0;
				TARGETED_DEVICE_FAMILY = "1,2";
			};
			name = Release;
		};
/* End XCBuildConfiguration section */

/* Begin XCConfigurationList section */
		34FCBF26295708B4001915A7 /* Build configuration list for PBXProject "Protocols_and_Delegates" */ = {
			isa = XCConfigurationList;
			buildConfigurations = (
				34FCBF3D295708B6001915A7 /* Debug */,
				34FCBF3E295708B6001915A7 /* Release */,
			);
			defaultConfigurationIsVisible = 0;
			defaultConfigurationName = Release;
		};
		34FCBF3F295708B6001915A7 /* Build configuration list for PBXNativeTarget "Protocols_and_Delegates" */ = {
			isa = XCConfigurationList;
			buildConfigurations = (
				34FCBF40295708B6001915A7 /* Debug */,
				34FCBF41295708B6001915A7 /* Release */,
			);
			defaultConfigurationIsVisible = 0;
			defaultConfigurationName = Release;
		};
/* End XCConfigurationList section */
	};
	rootObject = 34FCBF23295708B4001915A7 /* Project object */;
}
